
Microsoft Visual Studio Solution File, Format Version 12.00
# Visual Studio 14
VisualStudioVersion = 14.0.24720.0
MinimumVisualStudioVersion = 10.0.40219.1
Project("{FAE04EC0-301F-11D3-BF4B-00C04F79EFBC}") = "NinjaDomain.Classes", "NinjaDomain.Classes\NinjaDomain.Classes.csproj", "{FBD6A3A0-3FD8-46EF-9CE7-0FF3DE607FB1}"
EndProject
Project("{FAE04EC0-301F-11D3-BF4B-00C04F79EFBC}") = "NinjaDomain.DataModel", "NinjaDomain.DataModel\NinjaDomain.DataModel.csproj", "{586CB4BD-2BCA-4C5F-BA38-FFC9BCC49295}"
EndProject
Project("{FAE04EC0-301F-11D3-BF4B-00C04F79EFBC}") = "NinjaDomain.DataModel2", "NinjaDomain.DataModel2\NinjaDomain.DataModel2.csproj", "{53ACDDE8-F35D-4852-9D08-79CEB33F3450}"
EndProject
Project("{FAE04EC0-301F-11D3-BF4B-00C04F79EFBC}") = "EDMXFromDB", "EDMXFromDB\EDMXFromDB.csproj", "{2137B1AD-192F-49B0-8BC2-C47B5FFA89E5}"
EndProject
Project("{FAE04EC0-301F-11D3-BF4B-00C04F79EFBC}") = "CodeModelFromDB", "CodeModelFromDB\CodeModelFromDB.csproj", "{3650C350-32D2-44D1-8D7E-7B7E766DC8F3}"
EndProject
Global
	GlobalSection(SolutionConfigurationPlatforms) = preSolution
		Debug|Any CPU = Debug|Any CPU
		Release|Any CPU = Release|Any CPU
	EndGlobalSection
	GlobalSection(ProjectConfigurationPlatforms) = postSolution
		{FBD6A3A0-3FD8-46EF-9CE7-0FF3DE607FB1}.Debug|Any CPU.ActiveCfg = Debug|Any CPU
		{FBD6A3A0-3FD8-46EF-9CE7-0FF3DE607FB1}.Debug|Any CPU.Build.0 = Debug|Any CPU
		{FBD6A3A0-3FD8-46EF-9CE7-0FF3DE607FB1}.Release|Any CPU.ActiveCfg = Release|Any CPU
		{FBD6A3A0-3FD8-46EF-9CE7-0FF3DE607FB1}.Release|Any CPU.Build.0 = Release|Any CPU
		{586CB4BD-2BCA-4C5F-BA38-FFC9BCC49295}.Debug|Any CPU.ActiveCfg = Debug|Any CPU
		{586CB4BD-2BCA-4C5F-BA38-FFC9BCC49295}.Debug|Any CPU.Build.0 = Debug|Any CPU
		{586CB4BD-2BCA-4C5F-BA38-FFC9BCC49295}.Release|Any CPU.ActiveCfg = Release|Any CPU
		{586CB4BD-2BCA-4C5F-BA38-FFC9BCC49295}.Release|Any CPU.Build.0 = Release|Any CPU
		{53ACDDE8-F35D-4852-9D08-79CEB33F3450}.Debug|Any CPU.ActiveCfg = Debug|Any CPU
		{53ACDDE8-F35D-4852-9D08-79CEB33F3450}.Debug|Any CPU.Build.0 = Debug|Any CPU
		{53ACDDE8-F35D-4852-9D08-79CEB33F3450}.Release|Any CPU.ActiveCfg = Release|Any CPU
		{53ACDDE8-F35D-4852-9D08-79CEB33F3450}.Release|Any CPU.Build.0 = Release|Any CPU
		{2137B1AD-192F-49B0-8BC2-C47B5FFA89E5}.Debug|Any CPU.ActiveCfg = Debug|Any CPU
		{2137B1AD-192F-49B0-8BC2-C47B5FFA89E5}.Debug|Any CPU.Build.0 = Debug|Any CPU
		{2137B1AD-192F-49B0-8BC2-C47B5FFA89E5}.Release|Any CPU.ActiveCfg = Release|Any CPU
		{2137B1AD-192F-49B0-8BC2-C47B5FFA89E5}.Release|Any CPU.Build.0 = Release|Any CPU
		{3650C350-32D2-44D1-8D7E-7B7E766DC8F3}.Debug|Any CPU.ActiveCfg = Debug|Any CPU
		{3650C350-32D2-44D1-8D7E-7B7E766DC8F3}.Debug|Any CPU.Build.0 = Debug|Any CPU
		{3650C350-32D2-44D1-8D7E-7B7E766DC8F3}.Release|Any CPU.ActiveCfg = Release|Any CPU
		{3650C350-32D2-44D1-8D7E-7B7E766DC8F3}.Release|Any CPU.Build.0 = Release|Any CPU
	EndGlobalSection
	GlobalSection(SolutionProperties) = preSolution
		HideSolutionNode = FALSE
	EndGlobalSection
EndGlobal
